
Microsoft Visual Studio Solution File, Format Version 12.00
# Visual Studio Version 17
VisualStudioVersion = 17.0.32014.148
MinimumVisualStudioVersion = 10.0.40219.1
Project("{9A19103F-16F7-4668-BE54-9A1E7A4F7556}") = "sender", "sender.csproj", "{DC241F94-EBAC-4A0F-9631-44CF219F0CC6}"
EndProject
Project("{9A19103F-16F7-4668-BE54-9A1E7A4F7556}") = "reciever", "..\reciever\reciever.csproj", "{F1E85AF2-254C-4EFE-9353-8A52F44CF80E}"
EndProject
Global
	GlobalSection(SolutionConfigurationPlatforms) = preSolution
		Debug|Any CPU = Debug|Any CPU
		Release|Any CPU = Release|Any CPU
	EndGlobalSection
	GlobalSection(ProjectConfigurationPlatforms) = postSolution
		{DC241F94-EBAC-4A0F-9631-44CF219F0CC6}.Debug|Any CPU.ActiveCfg = Debug|Any CPU
		{DC241F94-EBAC-4A0F-9631-44CF219F0CC6}.Debug|Any CPU.Build.0 = Debug|Any CPU
		{DC241F94-EBAC-4A0F-9631-44CF219F0CC6}.Release|Any CPU.ActiveCfg = Release|Any CPU
		{DC241F94-EBAC-4A0F-9631-44CF219F0CC6}.Release|Any CPU.Build.0 = Release|Any CPU
		{F1E85AF2-254C-4EFE-9353-8A52F44CF80E}.Debug|Any CPU.ActiveCfg = Debug|Any CPU
		{F1E85AF2-254C-4EFE-9353-8A52F44CF80E}.Debug|Any CPU.Build.0 = Debug|Any CPU
		{F1E85AF2-254C-4EFE-9353-8A52F44CF80E}.Release|Any CPU.ActiveCfg = Release|Any CPU
		{F1E85AF2-254C-4EFE-9353-8A52F44CF80E}.Release|Any CPU.Build.0 = Release|Any CPU
	EndGlobalSection
	GlobalSection(SolutionProperties) = preSolution
		HideSolutionNode = FALSE
	EndGlobalSection
	GlobalSection(ExtensibilityGlobals) = postSolution
		SolutionGuid = {11EEC975-D971-4560-8517-CAFC474F1784}
	EndGlobalSection
EndGlobal
